dependencies:
- name: activiti-cloud-gateway
  repository: https://activiti.github.io/activiti-cloud-helm-charts/
  version: 7.1.19
- name: activiti-cloud-identity
  repository: https://activiti.github.io/activiti-cloud-helm-charts/
  version: 0.0.14
- name: activiti-cloud-query
  repository: https://activiti.github.io/activiti-cloud-helm-charts/
  version: 7.1.846
- name: rabbitmq-ha
  repository: https://kubernetes-charts.storage.googleapis.com
  version: 1.38.1
- name: postgresql
  repository: https://kubernetes-charts.storage.googleapis.com
  version: 3.11.3
- name: activiti-cloud-connector
  repository: https://activiti.github.io/activiti-cloud-helm-charts/
  version: 7.1.846
- name: activiti-cloud-modeling
  repository: https://activiti.github.io/activiti-cloud-helm-charts/
  version: 7.1.846
digest: sha256:022e1afc9c41eabcb3c360dbec106417e27008d744e32bd68563d85a7a3cc795
generated: "2020-05-31T06:59:01.392798+08:00"
